
Microsoft Visual Studio Solution File, Format Version 12.00
# Visual Studio Version 17
VisualStudioVersion = 17.1.32328.378
MinimumVisualStudioVersion = 10.0.40219.1
Project("{FAE04EC0-301F-11D3-BF4B-00C04F79EFBC}") = "WebApiAutores", "WebApiAutores\WebApiAutores.csproj", "{877B0209-5FDA-4A2A-A1F0-39C842E44DBF}"
EndProject
Global
	GlobalSection(SolutionConfigurationPlatforms) = preSolution
		Debug|Any CPU = Debug|Any CPU
		Release|Any CPU = Release|Any CPU
	EndGlobalSection
	GlobalSection(ProjectConfigurationPlatforms) = postSolution
		{877B0209-5FDA-4A2A-A1F0-39C842E44DBF}.Debug|Any CPU.ActiveCfg = Debug|Any CPU
		{877B0209-5FDA-4A2A-A1F0-39C842E44DBF}.Debug|Any CPU.Build.0 = Debug|Any CPU
		{877B0209-5FDA-4A2A-A1F0-39C842E44DBF}.Release|Any CPU.ActiveCfg = Release|Any CPU
		{877B0209-5FDA-4A2A-A1F0-39C842E44DBF}.Release|Any CPU.Build.0 = Release|Any CPU
	EndGlobalSection
	GlobalSection(SolutionProperties) = preSolution
		HideSolutionNode = FALSE
	EndGlobalSection
	GlobalSection(ExtensibilityGlobals) = postSolution
		SolutionGuid = {A7DCE4EE-B68D-4DF6-959A-F8534D0E3890}
	EndGlobalSection
EndGlobal
